
Microsoft Visual Studio Solution File, Format Version 12.00
# Visual Studio Version 16
VisualStudioVersion = 16.0.32002.261
MinimumVisualStudioVersion = 10.0.40219.1
Project("{8BC9CEB8-8B4A-11D0-8D11-00A0C91BC942}") = "Practice71", "Practice1\Practice1.vcxproj", "{2721EA36-758F-4F62-8DAD-82FB9CACFFB5}"
EndProject
Project("{8BC9CEB8-8B4A-11D0-8D11-00A0C91BC942}") = "Project79", "Project79\Project79.vcxproj", "{06B066EC-7A40-447D-8CD1-BC1FAAF66DB2}"
EndProject
Project("{8BC9CEB8-8B4A-11D0-8D11-00A0C91BC942}") = "Project2.2", "Project2.2\Project2.2.vcxproj", "{54B01011-5C55-4DA5-B344-5409E1121668}"
EndProject
Project("{8BC9CEB8-8B4A-11D0-8D11-00A0C91BC942}") = "Project2.1", "Project2.1\Project2.1.vcxproj", "{41D793AE-158E-42D6-B197-A8CB0C93E71F}"
EndProject
Project("{8BC9CEB8-8B4A-11D0-8D11-00A0C91BC942}") = "Project2.3", "Project2.3\Project2.3.vcxproj", "{52F417E4-E7BC-42EA-8DE0-8F0C820B5AED}"
EndProject
Project("{8BC9CEB8-8B4A-11D0-8D11-00A0C91BC942}") = "Project76", "Project76\Project76.vcxproj", "{F7361716-28A6-46A9-94B0-3EBDBB2E5B7E}"
EndProject
Project("{8BC9CEB8-8B4A-11D0-8D11-00A0C91BC942}") = "Pids1", "Pids1\Pids1.vcxproj", "{3CA6DF97-3802-48A8-8149-A686CC9A24C3}"
EndProject
Project("{8BC9CEB8-8B4A-11D0-8D11-00A0C91BC942}") = "Pids3", "Pids3\Pids3.vcxproj", "{081BD493-39D2-486E-8153-6229B045F591}"
EndProject
Project("{8BC9CEB8-8B4A-11D0-8D11-00A0C91BC942}") = "Pids2", "Pids2\Pids2.vcxproj", "{37BBDE94-DC55-4C65-B9AE-9ED350A3554D}"
EndProject
Project("{8BC9CEB8-8B4A-11D0-8D11-00A0C91BC942}") = "Pids5-6", "Pids5\Pids5.vcxproj", "{6B61DC72-A2E9-493E-BD70-E90CAB320052}"
EndProject
Project("{8BC9CEB8-8B4A-11D0-8D11-00A0C91BC942}") = "Pids7", "Pids7\Pids7.vcxproj", "{BB3D46D5-B1E6-4F27-9D44-C4D984A672C9}"
EndProject
Project("{8BC9CEB8-8B4A-11D0-8D11-00A0C91BC942}") = "Pids8", "Pids8\Pids8.vcxproj", "{F0A371D8-A625-47BB-BAA4-DA2434A54B10}"
EndProject
Project("{8BC9CEB8-8B4A-11D0-8D11-00A0C91BC942}") = "Pids9", "Pids9\Pids9.vcxproj", "{9B34B92E-9A5F-43BB-911F-B9FF4AFA05C2}"
EndProject
Project("{8BC9CEB8-8B4A-11D0-8D11-00A0C91BC942}") = "Pids10", "Pids10\Pids10.vcxproj", "{4B9ECC55-82E1-4D61-845A-91ACABAC342F}"
EndProject
Project("{8BC9CEB8-8B4A-11D0-8D11-00A0C91BC942}") = "Project237", "Project237\Project237.vcxproj", "{E78E91D5-AA38-439F-8239-B59324CA6C05}"
EndProject
Project("{8BC9CEB8-8B4A-11D0-8D11-00A0C91BC942}") = "Project6.1", "Project6.1\Project6.1.vcxproj", "{40A16286-B0FE-4FE8-B085-318572FE9592}"
EndProject
Global
	GlobalSection(SolutionConfigurationPlatforms) = preSolution
		Debug|x64 = Debug|x64
		Debug|x86 = Debug|x86
		Release|x64 = Release|x64
		Release|x86 = Release|x86
	EndGlobalSection
	GlobalSection(ProjectConfigurationPlatforms) = postSolution
		{2721EA36-758F-4F62-8DAD-82FB9CACFFB5}.Debug|x64.ActiveCfg = Debug|x64
		{2721EA36-758F-4F62-8DAD-82FB9CACFFB5}.Debug|x64.Build.0 = Debug|x64
		{2721EA36-758F-4F62-8DAD-82FB9CACFFB5}.Debug|x86.ActiveCfg = Debug|Win32
		{2721EA36-758F-4F62-8DAD-82FB9CACFFB5}.Debug|x86.Build.0 = Debug|Win32
		{2721EA36-758F-4F62-8DAD-82FB9CACFFB5}.Release|x64.ActiveCfg = Release|x64
		{2721EA36-758F-4F62-8DAD-82FB9CACFFB5}.Release|x64.Build.0 = Release|x64
		{2721EA36-758F-4F62-8DAD-82FB9CACFFB5}.Release|x86.ActiveCfg = Release|Win32
		{2721EA36-758F-4F62-8DAD-82FB9CACFFB5}.Release|x86.Build.0 = Release|Win32
		{06B066EC-7A40-447D-8CD1-BC1FAAF66DB2}.Debug|x64.ActiveCfg = Debug|x64
		{06B066EC-7A40-447D-8CD1-BC1FAAF66DB2}.Debug|x64.Build.0 = Debug|x64
		{06B066EC-7A40-447D-8CD1-BC1FAAF66DB2}.Debug|x86.ActiveCfg = Debug|Win32
		{06B066EC-7A40-447D-8CD1-BC1FAAF66DB2}.Debug|x86.Build.0 = Debug|Win32
		{06B066EC-7A40-447D-8CD1-BC1FAAF66DB2}.Release|x64.ActiveCfg = Release|x64
		{06B066EC-7A40-447D-8CD1-BC1FAAF66DB2}.Release|x64.Build.0 = Release|x64
		{06B066EC-7A40-447D-8CD1-BC1FAAF66DB2}.Release|x86.ActiveCfg = Release|Win32
		{06B066EC-7A40-447D-8CD1-BC1FAAF66DB2}.Release|x86.Build.0 = Release|Win32
		{54B01011-5C55-4DA5-B344-5409E1121668}.Debug|x64.ActiveCfg = Debug|x64
		{54B01011-5C55-4DA5-B344-5409E1121668}.Debug|x64.Build.0 = Debug|x64
		{54B01011-5C55-4DA5-B344-5409E1121668}.Debug|x86.ActiveCfg = Debug|Win32
		{54B01011-5C55-4DA5-B344-5409E1121668}.Debug|x86.Build.0 = Debug|Win32
		{54B01011-5C55-4DA5-B344-5409E1121668}.Release|x64.ActiveCfg = Release|x64
		{54B01011-5C55-4DA5-B344-5409E1121668}.Release|x64.Build.0 = Release|x64
		{54B01011-5C55-4DA5-B344-5409E1121668}.Release|x86.ActiveCfg = Release|Win32
		{54B01011-5C55-4DA5-B344-5409E1121668}.Release|x86.Build.0 = Release|Win32
		{41D793AE-158E-42D6-B197-A8CB0C93E71F}.Debug|x64.ActiveCfg = Debug|x64
		{41D793AE-158E-42D6-B197-A8CB0C93E71F}.Debug|x64.Build.0 = Debug|x64
		{41D793AE-158E-42D6-B197-A8CB0C93E71F}.Debug|x86.ActiveCfg = Debug|Win32
		{41D793AE-158E-42D6-B197-A8CB0C93E71F}.Debug|x86.Build.0 = Debug|Win32
		{41D793AE-158E-42D6-B197-A8CB0C93E71F}.Release|x64.ActiveCfg = Release|x64
		{41D793AE-158E-42D6-B197-A8CB0C93E71F}.Release|x64.Build.0 = Release|x64
		{41D793AE-158E-42D6-B197-A8CB0C93E71F}.Release|x86.ActiveCfg = Release|Win32
		{41D793AE-158E-42D6-B197-A8CB0C93E71F}.Release|x86.Build.0 = Release|Win32
		{52F417E4-E7BC-42EA-8DE0-8F0C820B5AED}.Debug|x64.ActiveCfg = Debug|x64
		{52F417E4-E7BC-42EA-8DE0-8F0C820B5AED}.Debug|x64.Build.0 = Debug|x64
		{52F417E4-E7BC-42EA-8DE0-8F0C820B5AED}.Debug|x86.ActiveCfg = Debug|Win32
		{52F417E4-E7BC-42EA-8DE0-8F0C820B5AED}.Debug|x86.Build.0 = Debug|Win32
		{52F417E4-E7BC-42EA-8DE0-8F0C820B5AED}.Release|x64.ActiveCfg = Release|x64
		{52F417E4-E7BC-42EA-8DE0-8F0C820B5AED}.Release|x64.Build.0 = Release|x64
		{52F417E4-E7BC-42EA-8DE0-8F0C820B5AED}.Release|x86.ActiveCfg = Release|Win32
		{52F417E4-E7BC-42EA-8DE0-8F0C820B5AED}.Release|x86.Build.0 = Release|Win32
		{F7361716-28A6-46A9-94B0-3EBDBB2E5B7E}.Debug|x64.ActiveCfg = Debug|x64
		{F7361716-28A6-46A9-94B0-3EBDBB2E5B7E}.Debug|x64.Build.0 = Debug|x64
		{F7361716-28A6-46A9-94B0-3EBDBB2E5B7E}.Debug|x86.ActiveCfg = Debug|Win32
		{F7361716-28A6-46A9-94B0-3EBDBB2E5B7E}.Debug|x86.Build.0 = Debug|Win32
		{F7361716-28A6-46A9-94B0-3EBDBB2E5B7E}.Release|x64.ActiveCfg = Release|x64
		{F7361716-28A6-46A9-94B0-3EBDBB2E5B7E}.Release|x64.Build.0 = Release|x64
		{F7361716-28A6-46A9-94B0-3EBDBB2E5B7E}.Release|x86.ActiveCfg = Release|Win32
		{F7361716-28A6-46A9-94B0-3EBDBB2E5B7E}.Release|x86.Build.0 = Release|Win32
		{3CA6DF97-3802-48A8-8149-A686CC9A24C3}.Debug|x64.ActiveCfg = Debug|x64
		{3CA6DF97-3802-48A8-8149-A686CC9A24C3}.Debug|x64.Build.0 = Debug|x64
		{3CA6DF97-3802-48A8-8149-A686CC9A24C3}.Debug|x86.ActiveCfg = Debug|Win32
		{3CA6DF97-3802-48A8-8149-A686CC9A24C3}.Debug|x86.Build.0 = Debug|Win32
		{3CA6DF97-3802-48A8-8149-A686CC9A24C3}.Release|x64.ActiveCfg = Release|x64
		{3CA6DF97-3802-48A8-8149-A686CC9A24C3}.Release|x64.Build.0 = Release|x64
		{3CA6DF97-3802-48A8-8149-A686CC9A24C3}.Release|x86.ActiveCfg = Release|Win32
		{3CA6DF97-3802-48A8-8149-A686CC9A24C3}.Release|x86.Build.0 = Release|Win32
		{081BD493-39D2-486E-8153-6229B045F591}.Debug|x64.ActiveCfg = Debug|x64
		{081BD493-39D2-486E-8153-6229B045F591}.Debug|x64.Build.0 = Debug|x64
		{081BD493-39D2-486E-8153-6229B045F591}.Debug|x86.ActiveCfg = Debug|Win32
		{081BD493-39D2-486E-8153-6229B045F591}.Debug|x86.Build.0 = Debug|Win32
		{081BD493-39D2-486E-8153-6229B045F591}.Release|x64.ActiveCfg = Release|x64
		{081BD493-39D2-486E-8153-6229B045F591}.Release|x64.Build.0 = Release|x64
		{081BD493-39D2-486E-8153-6229B045F591}.Release|x86.ActiveCfg = Release|Win32
		{081BD493-39D2-486E-8153-6229B045F591}.Release|x86.Build.0 = Release|Win32
		{37BBDE94-DC55-4C65-B9AE-9ED350A3554D}.Debug|x64.ActiveCfg = Debug|x64
		{37BBDE94-DC55-4C65-B9AE-9ED350A3554D}.Debug|x64.Build.0 = Debug|x64
		{37BBDE94-DC55-4C65-B9AE-9ED350A3554D}.Debug|x86.ActiveCfg = Debug|Win32
		{37BBDE94-DC55-4C65-B9AE-9ED350A3554D}.Debug|x86.Build.0 = Debug|Win32
		{37BBDE94-DC55-4C65-B9AE-9ED350A3554D}.Release|x64.ActiveCfg = Release|x64
		{37BBDE94-DC55-4C65-B9AE-9ED350A3554D}.Release|x64.Build.0 = Release|x64
		{37BBDE94-DC55-4C65-B9AE-9ED350A3554D}.Release|x86.ActiveCfg = Release|Win32
		{37BBDE94-DC55-4C65-B9AE-9ED350A3554D}.Release|x86.Build.0 = Release|Win32
		{6B61DC72-A2E9-493E-BD70-E90CAB320052}.Debug|x64.ActiveCfg = Debug|x64
		{6B61DC72-A2E9-493E-BD70-E90CAB320052}.Debug|x64.Build.0 = Debug|x64
		{6B61DC72-A2E9-493E-BD70-E90CAB320052}.Debug|x86.ActiveCfg = Debug|Win32
		{6B61DC72-A2E9-493E-BD70-E90CAB320052}.Debug|x86.Build.0 = Debug|Win32
		{6B61DC72-A2E9-493E-BD70-E90CAB320052}.Release|x64.ActiveCfg = Release|x64
		{6B61DC72-A2E9-493E-BD70-E90CAB320052}.Release|x64.Build.0 = Release|x64
		{6B61DC72-A2E9-493E-BD70-E90CAB320052}.Release|x86.ActiveCfg = Release|Win32
		{6B61DC72-A2E9-493E-BD70-E90CAB320052}.Release|x86.Build.0 = Release|Win32
		{BB3D46D5-B1E6-4F27-9D44-C4D984A672C9}.Debug|x64.ActiveCfg = Debug|x64
		{BB3D46D5-B1E6-4F27-9D44-C4D984A672C9}.Debug|x64.Build.0 = Debug|x64
		{BB3D46D5-B1E6-4F27-9D44-C4D984A672C9}.Debug|x86.ActiveCfg = Debug|Win32
		{BB3D46D5-B1E6-4F27-9D44-C4D984A672C9}.Debug|x86.Build.0 = Debug|Win32
		{BB3D46D5-B1E6-4F27-9D44-C4D984A672C9}.Release|x64.ActiveCfg = Release|x64
		{BB3D46D5-B1E6-4F27-9D44-C4D984A672C9}.Release|x64.Build.0 = Release|x64
		{BB3D46D5-B1E6-4F27-9D44-C4D984A672C9}.Release|x86.ActiveCfg = Release|Win32
		{BB3D46D5-B1E6-4F27-9D44-C4D984A672C9}.Release|x86.Build.0 = Release|Win32
		{F0A371D8-A625-47BB-BAA4-DA2434A54B10}.Debug|x64.ActiveCfg = Debug|x64
		{F0A371D8-A625-47BB-BAA4-DA2434A54B10}.Debug|x64.Build.0 = Debug|x64
		{F0A371D8-A625-47BB-BAA4-DA2434A54B10}.Debug|x86.ActiveCfg = Debug|Win32
		{F0A371D8-A625-47BB-BAA4-DA2434A54B10}.Debug|x86.Build.0 = Debug|Win32
		{F0A371D8-A625-47BB-BAA4-DA2434A54B10}.Release|x64.ActiveCfg = Release|x64
		{F0A371D8-A625-47BB-BAA4-DA2434A54B10}.Release|x64.Build.0 = Release|x64
		{F0A371D8-A625-47BB-BAA4-DA2434A54B10}.Release|x86.ActiveCfg = Release|Win32
		{F0A371D8-A625-47BB-BAA4-DA2434A54B10}.Release|x86.Build.0 = Release|Win32
		{9B34B92E-9A5F-43BB-911F-B9FF4AFA05C2}.Debug|x64.ActiveCfg = Debug|x64
		{9B34B92E-9A5F-43BB-911F-B9FF4AFA05C2}.Debug|x64.Build.0 = Debug|x64
		{9B34B92E-9A5F-43BB-911F-B9FF4AFA05C2}.Debug|x86.ActiveCfg = Debug|Win32
		{9B34B92E-9A5F-43BB-911F-B9FF4AFA05C2}.Debug|x86.Build.0 = Debug|Win32
		{9B34B92E-9A5F-43BB-911F-B9FF4AFA05C2}.Release|x64.ActiveCfg = Release|x64
		{9B34B92E-9A5F-43BB-911F-B9FF4AFA05C2}.Release|x64.Build.0 = Release|x64
		{9B34B92E-9A5F-43BB-911F-B9FF4AFA05C2}.Release|x86.ActiveCfg = Release|Win32
		{9B34B92E-9A5F-43BB-911F-B9FF4AFA05C2}.Release|x86.Build.0 = Release|Win32
		{4B9ECC55-82E1-4D61-845A-91ACABAC342F}.Debug|x64.ActiveCfg = Debug|x64
		{4B9ECC55-82E1-4D61-845A-91ACABAC342F}.Debug|x64.Build.0 = Debug|x64
		{4B9ECC55-82E1-4D61-845A-91ACABAC342F}.Debug|x86.ActiveCfg = Debug|Win32
		{4B9ECC55-82E1-4D61-845A-91ACABAC342F}.Debug|x86.Build.0 = Debug|Win32
		{4B9ECC55-82E1-4D61-845A-91ACABAC342F}.Release|x64.ActiveCfg = Release|x64
		{4B9ECC55-82E1-4D61-845A-91ACABAC342F}.Release|x64.Build.0 = Release|x64
		{4B9ECC55-82E1-4D61-845A-91ACABAC342F}.Release|x86.ActiveCfg = Release|Win32
		{4B9ECC55-82E1-4D61-845A-91ACABAC342F}.Release|x86.Build.0 = Release|Win32
		{E78E91D5-AA38-439F-8239-B59324CA6C05}.Debug|x64.ActiveCfg = Debug|x64
		{E78E91D5-AA38-439F-8239-B59324CA6C05}.Debug|x64.Build.0 = Debug|x64
		{E78E91D5-AA38-439F-8239-B59324CA6C05}.Debug|x86.ActiveCfg = Debug|Win32
		{E78E91D5-AA38-439F-8239-B59324CA6C05}.Debug|x86.Build.0 = Debug|Win32
		{E78E91D5-AA38-439F-8239-B59324CA6C05}.Release|x64.ActiveCfg = Release|x64
		{E78E91D5-AA38-439F-8239-B59324CA6C05}.Release|x64.Build.0 = Release|x64
		{E78E91D5-AA38-439F-8239-B59324CA6C05}.Release|x86.ActiveCfg = Release|Win32
		{E78E91D5-AA38-439F-8239-B59324CA6C05}.Release|x86.Build.0 = Release|Win32
		{40A16286-B0FE-4FE8-B085-318572FE9592}.Debug|x64.ActiveCfg = Debug|x64
		{40A16286-B0FE-4FE8-B085-318572FE9592}.Debug|x64.Build.0 = Debug|x64
		{40A16286-B0FE-4FE8-B085-318572FE9592}.Debug|x86.ActiveCfg = Debug|Win32
		{40A16286-B0FE-4FE8-B085-318572FE9592}.Debug|x86.Build.0 = Debug|Win32
		{40A16286-B0FE-4FE8-B085-318572FE9592}.Release|x64.ActiveCfg = Release|x64
		{40A16286-B0FE-4FE8-B085-318572FE9592}.Release|x64.Build.0 = Release|x64
		{40A16286-B0FE-4FE8-B085-318572FE9592}.Release|x86.ActiveCfg = Release|Win32
		{40A16286-B0FE-4FE8-B085-318572FE9592}.Release|x86.Build.0 = Release|Win32
	EndGlobalSection
	GlobalSection(SolutionProperties) = preSolution
		HideSolutionNode = FALSE
	EndGlobalSection
	GlobalSection(ExtensibilityGlobals) = postSolution
		SolutionGuid = {20FFD197-E980-4911-AFC9-265133607BA8}
	EndGlobalSection
EndGlobal
